{
  "version": 4,
  "terraform_version": "0.13.4",
  "serial": 230,
  "lineage": "2da5acec-7c3c-bed0-d52b-6f7547296d06",
  "outputs": {},
  "resources": [
    {
      "module": "module.vpc",
      "mode": "managed",
      "type": "aws_vpc",
      "name": "this",
      "provider": "provider[\"registry.terraform.io/hashicorp/aws\"]",
      "instances": [
        {
          "index_key": 0,
          "schema_version": 1,
          "attributes": {
            "arn": "arn:aws:ec2:eu-west-2:297906742605:vpc/vpc-00d2f70498cabb5d0",
            "assign_generated_ipv6_cidr_block": false,
            "cidr_block": "10.0.0.0/16",
            "default_network_acl_id": "acl-079f8acbca72f4950",
            "default_route_table_id": "rtb-05f7e9a044dcb73f9",
            "default_security_group_id": "sg-0d60532c2d2243f7a",
            "dhcp_options_id": "dopt-4691702e",
            "enable_classiclink": null,
            "enable_classiclink_dns_support": null,
            "enable_dns_hostnames": true,
            "enable_dns_support": true,
            "id": "vpc-00d2f70498cabb5d0",
            "instance_tenancy": "default",
            "ipv6_association_id": "",
            "ipv6_cidr_block": "",
            "main_route_table_id": "rtb-05f7e9a044dcb73f9",
            "owner_id": "297906742605",
            "tags": {
              "Name": "technology-bank_eks-vpc",
              "kubernetes.io/cluster/technology-bank_eks": "shared"
            }
          }
        }
      ]
    }
  ]
}
